Microsoft Visual Studio Solution File, Format Version 11.00
# Visual Studio 2008

Project("{4C40EFD9-660B-3D0C-4A88-CA9760B64793}") = "almost_final(gravity)", "Assembly-CSharp.csproj", "{E4AEC5B7-DB04-DD47-F44E-3AF5BE5F18A4}"
EndProject
Project("{4C40EFD9-660B-3D0C-4A88-CA9760B64793}") = "almost_final(gravity)", "Assembly-UnityScript.unityproj", "{062AF35D-0312-7420-8438-52F28625E90E}"
EndProject
Global
	GlobalSection(SolutionConfigurationPlatforms) = preSolution
		Debug|Any CPU = Debug|Any CPU
		Release|Any CPU = Release|Any CPU
	EndGlobalSection
	GlobalSection(ProjectConfigurationPlatforms) = postSolution
		{E4AEC5B7-DB04-DD47-F44E-3AF5BE5F18A4}.Debug|Any CPU.ActiveCfg = Debug|Any CPU
		{E4AEC5B7-DB04-DD47-F44E-3AF5BE5F18A4}.Debug|Any CPU.Build.0 = Debug|Any CPU
		{E4AEC5B7-DB04-DD47-F44E-3AF5BE5F18A4}.Release|Any CPU.ActiveCfg = Release|Any CPU
		{E4AEC5B7-DB04-DD47-F44E-3AF5BE5F18A4}.Release|Any CPU.Build.0 = Release|Any CPU
		{062AF35D-0312-7420-8438-52F28625E90E}.Debug|Any CPU.ActiveCfg = Debug|Any CPU
		{062AF35D-0312-7420-8438-52F28625E90E}.Debug|Any CPU.Build.0 = Debug|Any CPU
		{062AF35D-0312-7420-8438-52F28625E90E}.Release|Any CPU.ActiveCfg = Release|Any CPU
		{062AF35D-0312-7420-8438-52F28625E90E}.Release|Any CPU.Build.0 = Release|Any CPU
	EndGlobalSection
	GlobalSection(SolutionProperties) = preSolution
		HideSolutionNode = FALSE
	EndGlobalSection
																		GlobalSection(MonoDevelopProperties) = preSolution
		StartupItem = Assembly-CSharp.csproj
		Policies = $0
		$0.TextStylePolicy = $1
		$1.inheritsSet = null
		$1.scope = text/x-csharp
		$0.CSharpFormattingPolicy = $2
		$2.inheritsSet = Mono
		$2.inheritsScope = text/x-csharp
		$2.scope = text/x-csharp
		$0.TextStylePolicy = $3
		$3.FileWidth = 120
		$3.TabWidth = 4
		$3.EolMarker = Unix
		$3.inheritsSet = Mono
		$3.inheritsScope = text/plain
		$3.scope = text/plain
	EndGlobalSection

EndGlobal
