Microsoft Visual Studio Solution File, Format Version 11.00
# Visual Studio 2008

Project("{C32F171B-D83E-DA99-D12F-52E5897746C0}") = "Real-Final(map3)-2", "Assembly-CSharp.csproj", "{3E631CB9-6524-19ED-9494-F83D576CAD3B}"
EndProject
Project("{C32F171B-D83E-DA99-D12F-52E5897746C0}") = "Real-Final(map3)-2", "Assembly-UnityScript.unityproj", "{874FCBEB-109A-2325-5F25-099D7E5717F1}"
EndProject
Global
	GlobalSection(SolutionConfigurationPlatforms) = preSolution
		Debug|Any CPU = Debug|Any CPU
		Release|Any CPU = Release|Any CPU
	EndGlobalSection
	GlobalSection(ProjectConfigurationPlatforms) = postSolution
		{3E631CB9-6524-19ED-9494-F83D576CAD3B}.Debug|Any CPU.ActiveCfg = Debug|Any CPU
		{3E631CB9-6524-19ED-9494-F83D576CAD3B}.Debug|Any CPU.Build.0 = Debug|Any CPU
		{3E631CB9-6524-19ED-9494-F83D576CAD3B}.Release|Any CPU.ActiveCfg = Release|Any CPU
		{3E631CB9-6524-19ED-9494-F83D576CAD3B}.Release|Any CPU.Build.0 = Release|Any CPU
		{874FCBEB-109A-2325-5F25-099D7E5717F1}.Debug|Any CPU.ActiveCfg = Debug|Any CPU
		{874FCBEB-109A-2325-5F25-099D7E5717F1}.Debug|Any CPU.Build.0 = Debug|Any CPU
		{874FCBEB-109A-2325-5F25-099D7E5717F1}.Release|Any CPU.ActiveCfg = Release|Any CPU
		{874FCBEB-109A-2325-5F25-099D7E5717F1}.Release|Any CPU.Build.0 = Release|Any CPU
	EndGlobalSection
	GlobalSection(SolutionProperties) = preSolution
		HideSolutionNode = FALSE
	EndGlobalSection
	GlobalSection(MonoDevelopProperties) = preSolution
		StartupItem = Assembly-CSharp.csproj
		Policies = $0
		$0.TextStylePolicy = $1
		$1.inheritsSet = null
		$1.scope = text/x-csharp
		$0.CSharpFormattingPolicy = $2
		$2.inheritsSet = Mono
		$2.inheritsScope = text/x-csharp
		$2.scope = text/x-csharp
		$0.TextStylePolicy = $3
		$3.FileWidth = 120
		$3.TabWidth = 4
		$3.EolMarker = Unix
		$3.inheritsSet = Mono
		$3.inheritsScope = text/plain
		$3.scope = text/plain
	EndGlobalSection
EndGlobal
