Microsoft Visual Studio Solution File, Format Version 11.00
# Visual Studio 2008

Project("{28763F7F-C145-AD53-537E-12A42DF09412}") = "Restart2", "Assembly-CSharp.csproj", "{F959C991-9C65-F3DD-EFD5-CA396D557CBF}"
EndProject
Project("{28763F7F-C145-AD53-537E-12A42DF09412}") = "Restart2", "Assembly-UnityScript.unityproj", "{56816419-91E1-E1EC-EFA8-6C1587D8C6C0}"
EndProject
Global
	GlobalSection(SolutionConfigurationPlatforms) = preSolution
		Debug|Any CPU = Debug|Any CPU
		Release|Any CPU = Release|Any CPU
	EndGlobalSection
	GlobalSection(ProjectConfigurationPlatforms) = postSolution
		{F959C991-9C65-F3DD-EFD5-CA396D557CBF}.Debug|Any CPU.ActiveCfg = Debug|Any CPU
		{F959C991-9C65-F3DD-EFD5-CA396D557CBF}.Debug|Any CPU.Build.0 = Debug|Any CPU
		{F959C991-9C65-F3DD-EFD5-CA396D557CBF}.Release|Any CPU.ActiveCfg = Release|Any CPU
		{F959C991-9C65-F3DD-EFD5-CA396D557CBF}.Release|Any CPU.Build.0 = Release|Any CPU
		{56816419-91E1-E1EC-EFA8-6C1587D8C6C0}.Debug|Any CPU.ActiveCfg = Debug|Any CPU
		{56816419-91E1-E1EC-EFA8-6C1587D8C6C0}.Debug|Any CPU.Build.0 = Debug|Any CPU
		{56816419-91E1-E1EC-EFA8-6C1587D8C6C0}.Release|Any CPU.ActiveCfg = Release|Any CPU
		{56816419-91E1-E1EC-EFA8-6C1587D8C6C0}.Release|Any CPU.Build.0 = Release|Any CPU
	EndGlobalSection
	GlobalSection(SolutionProperties) = preSolution
		HideSolutionNode = FALSE
	EndGlobalSection
					GlobalSection(MonoDevelopProperties) = preSolution
		StartupItem = Assembly-CSharp.csproj
		Policies = $0
		$0.TextStylePolicy = $1
		$1.inheritsSet = null
		$1.scope = text/x-csharp
		$0.CSharpFormattingPolicy = $2
		$2.inheritsSet = Mono
		$2.inheritsScope = text/x-csharp
		$2.scope = text/x-csharp
		$0.TextStylePolicy = $3
		$3.FileWidth = 120
		$3.TabWidth = 4
		$3.EolMarker = Unix
		$3.inheritsSet = Mono
		$3.inheritsScope = text/plain
		$3.scope = text/plain
	EndGlobalSection

EndGlobal
